dependencies:
- name: postgresql
  repository: https://charts.bitnami.com/bitnami
  version: 10.16.2
- name: redis
  repository: https://charts.bitnami.com/bitnami
  version: 16.9.0
- name: rabbitmq
  repository: https://charts.bitnami.com/bitnami
  version: 9.0.0
- name: meilisearch
  repository: https://meilisearch.github.io/meilisearch-kubernetes
  version: 0.1.22
digest: sha256:4576eb53630f466195ee555e214e9d2eb89cd9a76be180f29357ba0b9fb94be1
generated: "2022-06-24T11:55:11.094527242Z"
