dependencies:
- name: postgresql
  repository: https://charts.bitnami.com/bitnami
  version: 11.6.3
- name: redis
  repository: https://charts.bitnami.com/bitnami
  version: 17.6.0
- name: meilisearch
  repository: https://meilisearch.github.io/meilisearch-kubernetes
  version: 0.1.22
digest: sha256:94e7bbb09e710e26ef901c751da69378616c1f7506d133ec583e0a458341e87f
generated: "2023-07-26T20:16:06.224851049+02:00"
