dependencies:
- name: postgresql
  repository: https://charts.bitnami.com/bitnami
  version: 10.13.11
- name: redis
  repository: https://charts.bitnami.com/bitnami
  version: 15.6.3
- name: rabbitmq
  repository: https://charts.bitnami.com/bitnami
  version: 8.24.12
- name: meilisearch
  repository: https://meilisearch.github.io/meilisearch-kubernetes
  version: 0.1.22
digest: sha256:4317e85fef2287a7ee7931ba9fec3f7687768cd9b4a81702155cbfb801734553
generated: "2022-02-15T13:29:01.760086533Z"

