dependencies:
- name: postgresql
  repository: https://charts.bitnami.com/bitnami
  version: 11.6.14
- name: redis
  repository: https://charts.bitnami.com/bitnami
  version: 16.9.0
- name: rabbitmq
  repository: https://charts.bitnami.com/bitnami
  version: 9.0.0
- name: meilisearch
  repository: https://meilisearch.github.io/meilisearch-kubernetes
  version: 0.1.33
- name: pythonmicroservice
  repository: https://nfdi4chem.github.io/repo-helm-charts
  version: 0.1.0
- name: nmrium
  repository: https://nfdi4chem.github.io/repo-helm-charts
  version: 0.1.0
digest: sha256:5e09915edc33cc60fd6fc654122051fdcff2b63c18693a4eead94b9f71a58941
generated: "2022-07-06T16:25:50.7738289+02:00"
