dependencies:
- name: redis
  repository: https://charts.bitnami.com/bitnami
  version: 17.6.0
- name: rabbitmq
  repository: https://charts.bitnami.com/bitnami
  version: 11.5.0
- name: meilisearch
  repository: https://nfdi4chem.github.io/repo-helm-charts
  version: 0.1.46
- name: nmrium
  repository: https://nfdi4chem.github.io/repo-helm-charts
  version: 0.1.0
- name: rdkitcatridgepostgres
  repository: https://nfdi4chem.github.io/repo-helm-charts
  version: 0.2.0
- name: nmrkit
  repository: https://nfdi4chem.github.io/repo-helm-charts
  version: 0.2.1
- name: keycloak
  repository: https://charts.bitnami.com/bitnami
  version: 18.3.3
digest: sha256:4f9dbae443494792ca00076fc424ad8cb49c36e1307fdb7bb10fc560780908ea
generated: "2025-08-08T11:32:40.237131+02:00"
