dependencies:
- name: rdkitcatridgepostgres
  repository: https://nfdi4chem.github.io/repo-helm-charts
  version: 0.1.0
- name: redis
  repository: https://charts.bitnami.com/bitnami
  version: 17.14.5
- name: grafana
  repository: https://charts.bitnami.com/bitnami
  version: 8.4.5
- name: prometheus
  repository: https://prometheus-community.github.io/helm-charts
  version: 22.6.5
- name: minio
  repository: https://charts.bitnami.com/bitnami
  version: 12.6.12
digest: sha256:dd846d03ff7461825b4b8d9a6cc0eaf0dd43c404ed25696ec27a939a52d184c6
generated: "2023-08-28T16:34:31.5001847+02:00"
