dependencies:
- name: rdkitcatridgepostgres
  repository: https://nfdi4chem.github.io/repo-helm-charts
  version: 0.1.0
- name: redis
  repository: https://charts.bitnami.com/bitnami
  version: 17.14.5
- name: grafana
  repository: https://charts.bitnami.com/bitnami
  version: 8.4.5
- name: prometheus
  repository: https://prometheus-community.github.io/helm-charts
  version: 22.6.5
- name: minio
  repository: https://charts.bitnami.com/bitnami
  version: 12.6.12
digest: sha256:39f6f54adc83952d653bad70d5bd49d531395ff5b43eb71bfc3a8f6782c99a88
generated: "2023-08-07T10:55:59.0913913+02:00"
