dependencies:
- name: cheminfo-microservice
  repository: https://nfdi4chem.github.io/repo-helm-charts
  version: 0.1.7
- name: rdkitcatridgepostgres
  repository: https://nfdi4chem.github.io/repo-helm-charts
  version: 0.2.0
- name: redis
  repository: https://charts.bitnami.com/bitnami
  version: 17.6.0
digest: sha256:3d5857218ae7b7316a9179bdfabc58d96cd76207c099b0051fa039561610a069
generated: "2024-04-05T15:24:09.830911+02:00"
