dependencies:
- name: pythonmicroservice
  repository: https://nfdi4chem.github.io/repo-helm-charts
  version: 0.1.0
- name: rdkitcatridgepostgres
  repository: https://nfdi4chem.github.io/repo-helm-charts
  version: 0.1.0
- name: redis
  repository: https://charts.bitnami.com/bitnami
  version: 17.6.0
digest: sha256:cba64b6bc7a2cde81af7d253d0bf11a5afaf1839b0a307dc4820098baa891fc6
generated: "2023-02-24T13:29:36.1183957+01:00"
