dependencies:
- name: pythonmicroservice
  repository: https://nfdi4chem.github.io/repo-helm-charts
  version: 0.1.0
- name: rdkitcatridgepostgres
  repository: https://nfdi4chem.github.io/repo-helm-charts
  version: 0.1.0
digest: sha256:2763fb2fc61823b258e30930ad5e60ebe475fbbd4beb3786c2969c7af4095083
generated: "2023-02-24T11:54:08.973997614Z"